
Microsoft Visual Studio Solution File, Format Version 12.00
# Visual Studio Version 17
VisualStudioVersion = 17.4.33205.214
MinimumVisualStudioVersion = 10.0.40219.1
Project("{FAE04EC0-301F-11D3-BF4B-00C04F79EFBC}") = "EstructudaDeDatos.Ejercicio3", "EstructudaDeDatos.Ejercicio3\EstructudaDeDatos.Ejercicio3.csproj", "{D77F656E-8398-43F1-B9BC-6042FE28EE97}"
EndProject
Global
	GlobalSection(SolutionConfigurationPlatforms) = preSolution
		Debug|Any CPU = Debug|Any CPU
		Release|Any CPU = Release|Any CPU
	EndGlobalSection
	GlobalSection(ProjectConfigurationPlatforms) = postSolution
		{D77F656E-8398-43F1-B9BC-6042FE28EE97}.Debug|Any CPU.ActiveCfg = Debug|Any CPU
		{D77F656E-8398-43F1-B9BC-6042FE28EE97}.Debug|Any CPU.Build.0 = Debug|Any CPU
		{D77F656E-8398-43F1-B9BC-6042FE28EE97}.Release|Any CPU.ActiveCfg = Release|Any CPU
		{D77F656E-8398-43F1-B9BC-6042FE28EE97}.Release|Any CPU.Build.0 = Release|Any CPU
	EndGlobalSection
	GlobalSection(SolutionProperties) = preSolution
		HideSolutionNode = FALSE
	EndGlobalSection
	GlobalSection(ExtensibilityGlobals) = postSolution
		SolutionGuid = {2D1304FC-8C45-4BEA-B26D-B1F32241F884}
	EndGlobalSection
EndGlobal
